
Microsoft Visual Studio Solution File, Format Version 12.00
# Visual Studio Version 17
VisualStudioVersion = 17.4.33103.184
MinimumVisualStudioVersion = 10.0.40219.1
Project("{FAE04EC0-301F-11D3-BF4B-00C04F79EFBC}") = "MultithreadingProject", "MultithreadingProject\MultithreadingProject.csproj", "{33AE6848-ECE4-4EEE-B138-A540939EB985}"
EndProject
Global
	GlobalSection(SolutionConfigurationPlatforms) = preSolution
		Debug|Any CPU = Debug|Any CPU
		Release|Any CPU = Release|Any CPU
	EndGlobalSection
	GlobalSection(ProjectConfigurationPlatforms) = postSolution
		{33AE6848-ECE4-4EEE-B138-A540939EB985}.Debug|Any CPU.ActiveCfg = Debug|Any CPU
		{33AE6848-ECE4-4EEE-B138-A540939EB985}.Debug|Any CPU.Build.0 = Debug|Any CPU
		{33AE6848-ECE4-4EEE-B138-A540939EB985}.Release|Any CPU.ActiveCfg = Release|Any CPU
		{33AE6848-ECE4-4EEE-B138-A540939EB985}.Release|Any CPU.Build.0 = Release|Any CPU
	EndGlobalSection
	GlobalSection(SolutionProperties) = preSolution
		HideSolutionNode = FALSE
	EndGlobalSection
	GlobalSection(ExtensibilityGlobals) = postSolution
		SolutionGuid = {2736980B-62BB-42FA-9B74-F28278CA0E97}
	EndGlobalSection
EndGlobal
